
Microsoft Visual Studio Solution File, Format Version 12.00
# Visual Studio Version 16
VisualStudioVersion = 16.0.29709.97
MinimumVisualStudioVersion = 10.0.40219.1
Project("{9A19103F-16F7-4668-BE54-9A1E7A4F7556}") = "TBot", "TBot\TBot.csproj", "{C0FB30FF-7ED9-40E3-9A0F-4E895CC19A99}"
EndProject
Global
	GlobalSection(SolutionConfigurationPlatforms) = preSolution
		Debug|Any CPU = Debug|Any CPU
		Release|Any CPU = Release|Any CPU
	EndGlobalSection
	GlobalSection(ProjectConfigurationPlatforms) = postSolution
		{C0FB30FF-7ED9-40E3-9A0F-4E895CC19A99}.Debug|Any CPU.ActiveCfg = Debug|Any CPU
		{C0FB30FF-7ED9-40E3-9A0F-4E895CC19A99}.Debug|Any CPU.Build.0 = Debug|Any CPU
		{C0FB30FF-7ED9-40E3-9A0F-4E895CC19A99}.Release|Any CPU.ActiveCfg = Release|Any CPU
		{C0FB30FF-7ED9-40E3-9A0F-4E895CC19A99}.Release|Any CPU.Build.0 = Release|Any CPU
	EndGlobalSection
	GlobalSection(SolutionProperties) = preSolution
		HideSolutionNode = FALSE
	EndGlobalSection
	GlobalSection(ExtensibilityGlobals) = postSolution
		SolutionGuid = {5A736BA3-A81D-4292-9BDB-7E1A131A67EF}
	EndGlobalSection
EndGlobal
